
Microsoft Visual Studio Solution File, Format Version 12.00
# Visual Studio 15
VisualStudioVersion = 15.0.28307.271
MinimumVisualStudioVersion = 10.0.40219.1
Project("{FAE04EC0-301F-11D3-BF4B-00C04F79EFBC}") = "DeBoorsSplines", "DeBoorsSplines\DeBoorsSplines.csproj", "{1855AA4E-8A9A-4DF4-A89A-F217DF887639}"
EndProject
Project("{FAE04EC0-301F-11D3-BF4B-00C04F79EFBC}") = "PointsLibrary", "PointsLibrary\PointsLibrary.csproj", "{B856C781-8B16-4344-A8C9-5A07C8FFEB20}"
EndProject
Project("{FAE04EC0-301F-11D3-BF4B-00C04F79EFBC}") = "SplineMathsLibrary", "SplineMathsLibrary\SplineMathsLibrary.csproj", "{B5136CCC-637E-4B38-8FF2-091E5AC20279}"
EndProject
Project("{FAE04EC0-301F-11D3-BF4B-00C04F79EFBC}") = "ColorLibrary", "ColorLibrary\ColorLibrary.csproj", "{B85C1183-C168-4666-B9A1-82D1E151DA30}"
EndProject
Project("{54435603-DBB4-11D2-8724-00A0C9A8B90C}") = "DeBoorsSplinesSetup", "DeBoorsSplinesSetup\DeBoorsSplinesSetup.vdproj", "{AE8699D4-3153-4D41-BC8A-670C514599FD}"
EndProject
Global
	GlobalSection(SolutionConfigurationPlatforms) = preSolution
		Debug|Any CPU = Debug|Any CPU
		Release|Any CPU = Release|Any CPU
	EndGlobalSection
	GlobalSection(ProjectConfigurationPlatforms) = postSolution
		{1855AA4E-8A9A-4DF4-A89A-F217DF887639}.Debug|Any CPU.ActiveCfg = Debug|Any CPU
		{1855AA4E-8A9A-4DF4-A89A-F217DF887639}.Debug|Any CPU.Build.0 = Debug|Any CPU
		{1855AA4E-8A9A-4DF4-A89A-F217DF887639}.Release|Any CPU.ActiveCfg = Release|Any CPU
		{1855AA4E-8A9A-4DF4-A89A-F217DF887639}.Release|Any CPU.Build.0 = Release|Any CPU
		{B856C781-8B16-4344-A8C9-5A07C8FFEB20}.Debug|Any CPU.ActiveCfg = Debug|Any CPU
		{B856C781-8B16-4344-A8C9-5A07C8FFEB20}.Debug|Any CPU.Build.0 = Debug|Any CPU
		{B856C781-8B16-4344-A8C9-5A07C8FFEB20}.Release|Any CPU.ActiveCfg = Release|Any CPU
		{B856C781-8B16-4344-A8C9-5A07C8FFEB20}.Release|Any CPU.Build.0 = Release|Any CPU
		{B5136CCC-637E-4B38-8FF2-091E5AC20279}.Debug|Any CPU.ActiveCfg = Debug|Any CPU
		{B5136CCC-637E-4B38-8FF2-091E5AC20279}.Debug|Any CPU.Build.0 = Debug|Any CPU
		{B5136CCC-637E-4B38-8FF2-091E5AC20279}.Release|Any CPU.ActiveCfg = Release|Any CPU
		{B5136CCC-637E-4B38-8FF2-091E5AC20279}.Release|Any CPU.Build.0 = Release|Any CPU
		{B85C1183-C168-4666-B9A1-82D1E151DA30}.Debug|Any CPU.ActiveCfg = Debug|Any CPU
		{B85C1183-C168-4666-B9A1-82D1E151DA30}.Debug|Any CPU.Build.0 = Debug|Any CPU
		{B85C1183-C168-4666-B9A1-82D1E151DA30}.Release|Any CPU.ActiveCfg = Release|Any CPU
		{B85C1183-C168-4666-B9A1-82D1E151DA30}.Release|Any CPU.Build.0 = Release|Any CPU
		{AE8699D4-3153-4D41-BC8A-670C514599FD}.Debug|Any CPU.ActiveCfg = Debug
		{AE8699D4-3153-4D41-BC8A-670C514599FD}.Release|Any CPU.ActiveCfg = Release
	EndGlobalSection
	GlobalSection(SolutionProperties) = preSolution
		HideSolutionNode = FALSE
	EndGlobalSection
	GlobalSection(ExtensibilityGlobals) = postSolution
		SolutionGuid = {0AC02E79-2992-4BE9-9085-9707A2091C46}
	EndGlobalSection
EndGlobal
